dependencies:
- name: aurora-core
  repository: ""
  version: 0.0.1
- name: aurora-app
  repository: ""
  version: 0.0.1
- name: aurora-mgmt
  repository: ""
  version: 0.0.1
digest: sha256:8f7c21edd4e41460042021f940cac68e131c2e9af9005603b0f3dee4e3276e01
generated: "2025-07-08T23:13:31.8753822-04:00"
